
Microsoft Visual Studio Solution File, Format Version 12.00
# Visual Studio 14
VisualStudioVersion = 14.0.25420.1
MinimumVisualStudioVersion = 10.0.40219.1
Project("{FAE04EC0-301F-11D3-BF4B-00C04F79EFBC}") = "Archi-Microservice", "Archi-Microservice\Archi-Microservice.csproj", "{925CE250-C35F-42CA-882D-1DDA397ECD62}"
EndProject
Project("{FAE04EC0-301F-11D3-BF4B-00C04F79EFBC}") = "StockLoggerClient", "ZmqServices\StockLoggerClient\StockLoggerClient.csproj", "{37B320C0-9E44-44EF-B89A-E671DBA4986B}"
EndProject
Project("{FAE04EC0-301F-11D3-BF4B-00C04F79EFBC}") = "StockRealTime", "ZmqServices\StockLoggerServer\StockRealTime.csproj", "{5B8F7740-EFD5-46B9-8A96-2E1F47385295}"
EndProject
Project("{FAE04EC0-301F-11D3-BF4B-00C04F79EFBC}") = "MicroServicesDTOs", "MicroServicesDTOs\MicroServicesDTOs.csproj", "{58FC4E9F-A1FC-4599-847F-2922D43BD728}"
EndProject
Global
	GlobalSection(SolutionConfigurationPlatforms) = preSolution
		Debug|Any CPU = Debug|Any CPU
		Debug|x64 = Debug|x64
		Debug|x86 = Debug|x86
		Release|Any CPU = Release|Any CPU
		Release|x64 = Release|x64
		Release|x86 = Release|x86
	EndGlobalSection
	GlobalSection(ProjectConfigurationPlatforms) = postSolution
		{925CE250-C35F-42CA-882D-1DDA397ECD62}.Debug|Any CPU.ActiveCfg = Debug|Any CPU
		{925CE250-C35F-42CA-882D-1DDA397ECD62}.Debug|Any CPU.Build.0 = Debug|Any CPU
		{925CE250-C35F-42CA-882D-1DDA397ECD62}.Debug|x64.ActiveCfg = Debug|Any CPU
		{925CE250-C35F-42CA-882D-1DDA397ECD62}.Debug|x64.Build.0 = Debug|Any CPU
		{925CE250-C35F-42CA-882D-1DDA397ECD62}.Debug|x86.ActiveCfg = Debug|Any CPU
		{925CE250-C35F-42CA-882D-1DDA397ECD62}.Debug|x86.Build.0 = Debug|Any CPU
		{925CE250-C35F-42CA-882D-1DDA397ECD62}.Release|Any CPU.ActiveCfg = Release|Any CPU
		{925CE250-C35F-42CA-882D-1DDA397ECD62}.Release|Any CPU.Build.0 = Release|Any CPU
		{925CE250-C35F-42CA-882D-1DDA397ECD62}.Release|x64.ActiveCfg = Release|Any CPU
		{925CE250-C35F-42CA-882D-1DDA397ECD62}.Release|x64.Build.0 = Release|Any CPU
		{925CE250-C35F-42CA-882D-1DDA397ECD62}.Release|x86.ActiveCfg = Release|Any CPU
		{925CE250-C35F-42CA-882D-1DDA397ECD62}.Release|x86.Build.0 = Release|Any CPU
		{37B320C0-9E44-44EF-B89A-E671DBA4986B}.Debug|Any CPU.ActiveCfg = Debug|Any CPU
		{37B320C0-9E44-44EF-B89A-E671DBA4986B}.Debug|Any CPU.Build.0 = Debug|Any CPU
		{37B320C0-9E44-44EF-B89A-E671DBA4986B}.Debug|x64.ActiveCfg = Debug|x64
		{37B320C0-9E44-44EF-B89A-E671DBA4986B}.Debug|x64.Build.0 = Debug|x64
		{37B320C0-9E44-44EF-B89A-E671DBA4986B}.Debug|x86.ActiveCfg = Debug|x86
		{37B320C0-9E44-44EF-B89A-E671DBA4986B}.Debug|x86.Build.0 = Debug|x86
		{37B320C0-9E44-44EF-B89A-E671DBA4986B}.Release|Any CPU.ActiveCfg = Release|Any CPU
		{37B320C0-9E44-44EF-B89A-E671DBA4986B}.Release|Any CPU.Build.0 = Release|Any CPU
		{37B320C0-9E44-44EF-B89A-E671DBA4986B}.Release|x64.ActiveCfg = Release|x64
		{37B320C0-9E44-44EF-B89A-E671DBA4986B}.Release|x64.Build.0 = Release|x64
		{37B320C0-9E44-44EF-B89A-E671DBA4986B}.Release|x86.ActiveCfg = Release|x86
		{37B320C0-9E44-44EF-B89A-E671DBA4986B}.Release|x86.Build.0 = Release|x86
		{5B8F7740-EFD5-46B9-8A96-2E1F47385295}.Debug|Any CPU.ActiveCfg = Debug|Any CPU
		{5B8F7740-EFD5-46B9-8A96-2E1F47385295}.Debug|Any CPU.Build.0 = Debug|Any CPU
		{5B8F7740-EFD5-46B9-8A96-2E1F47385295}.Debug|x64.ActiveCfg = Debug|x64
		{5B8F7740-EFD5-46B9-8A96-2E1F47385295}.Debug|x64.Build.0 = Debug|x64
		{5B8F7740-EFD5-46B9-8A96-2E1F47385295}.Debug|x86.ActiveCfg = Debug|x86
		{5B8F7740-EFD5-46B9-8A96-2E1F47385295}.Debug|x86.Build.0 = Debug|x86
		{5B8F7740-EFD5-46B9-8A96-2E1F47385295}.Release|Any CPU.ActiveCfg = Release|Any CPU
		{5B8F7740-EFD5-46B9-8A96-2E1F47385295}.Release|Any CPU.Build.0 = Release|Any CPU
		{5B8F7740-EFD5-46B9-8A96-2E1F47385295}.Release|x64.ActiveCfg = Release|x64
		{5B8F7740-EFD5-46B9-8A96-2E1F47385295}.Release|x64.Build.0 = Release|x64
		{5B8F7740-EFD5-46B9-8A96-2E1F47385295}.Release|x86.ActiveCfg = Release|x86
		{5B8F7740-EFD5-46B9-8A96-2E1F47385295}.Release|x86.Build.0 = Release|x86
		{58FC4E9F-A1FC-4599-847F-2922D43BD728}.Debug|Any CPU.ActiveCfg = Debug|Any CPU
		{58FC4E9F-A1FC-4599-847F-2922D43BD728}.Debug|Any CPU.Build.0 = Debug|Any CPU
		{58FC4E9F-A1FC-4599-847F-2922D43BD728}.Debug|x64.ActiveCfg = Debug|Any CPU
		{58FC4E9F-A1FC-4599-847F-2922D43BD728}.Debug|x64.Build.0 = Debug|Any CPU
		{58FC4E9F-A1FC-4599-847F-2922D43BD728}.Debug|x86.ActiveCfg = Debug|Any CPU
		{58FC4E9F-A1FC-4599-847F-2922D43BD728}.Debug|x86.Build.0 = Debug|Any CPU
		{58FC4E9F-A1FC-4599-847F-2922D43BD728}.Release|Any CPU.ActiveCfg = Release|Any CPU
		{58FC4E9F-A1FC-4599-847F-2922D43BD728}.Release|Any CPU.Build.0 = Release|Any CPU
		{58FC4E9F-A1FC-4599-847F-2922D43BD728}.Release|x64.ActiveCfg = Release|Any CPU
		{58FC4E9F-A1FC-4599-847F-2922D43BD728}.Release|x64.Build.0 = Release|Any CPU
		{58FC4E9F-A1FC-4599-847F-2922D43BD728}.Release|x86.ActiveCfg = Release|Any CPU
		{58FC4E9F-A1FC-4599-847F-2922D43BD728}.Release|x86.Build.0 = Release|Any CPU
	EndGlobalSection
	GlobalSection(SolutionProperties) = preSolution
		HideSolutionNode = FALSE
	EndGlobalSection
EndGlobal
