Microsoft Visual Studio Solution File, Format Version 8.00
Project("{FAE04EC0-301F-11D3-BF4B-00C04F79EFBC}") = "StockMarketSimulator", "StockMarketSimulator.csproj", "{BD12F5DD-DD43-41E1-98EA-7FAA5E9E5432}"
	ProjectSection(ProjectDependencies) = postProject
	EndProjectSection
EndProject
Global
	GlobalSection(SolutionConfiguration) = preSolution
		Debug = Debug
		Release = Release
	EndGlobalSection
	GlobalSection(ProjectConfiguration) = postSolution
		{BD12F5DD-DD43-41E1-98EA-7FAA5E9E5432}.Debug.ActiveCfg = Debug|.NET
		{BD12F5DD-DD43-41E1-98EA-7FAA5E9E5432}.Debug.Build.0 = Debug|.NET
		{BD12F5DD-DD43-41E1-98EA-7FAA5E9E5432}.Release.ActiveCfg = Release|.NET
		{BD12F5DD-DD43-41E1-98EA-7FAA5E9E5432}.Release.Build.0 = Release|.NET
	EndGlobalSection
	GlobalSection(ExtensibilityGlobals) = postSolution
	EndGlobalSection
	GlobalSection(ExtensibilityAddIns) = postSolution
	EndGlobalSection
EndGlobal
